
Microsoft Visual Studio Solution File, Format Version 12.00
# Visual Studio Version 16
VisualStudioVersion = 16.0.28922.388
MinimumVisualStudioVersion = 10.0.40219.1
Project("{FAE04EC0-301F-11D3-BF4B-00C04F79EFBC}") = "MétodosNumericos", "MétodosNumericos.csproj", "{41BEA03B-3A05-4B30-BE8D-C0033F37FF7F}"
EndProject
Global
	GlobalSection(SolutionConfigurationPlatforms) = preSolution
		Debug|Any CPU = Debug|Any CPU
		Release|Any CPU = Release|Any CPU
	EndGlobalSection
	GlobalSection(ProjectConfigurationPlatforms) = postSolution
		{41BEA03B-3A05-4B30-BE8D-C0033F37FF7F}.Debug|Any CPU.ActiveCfg = Debug|Any CPU
		{41BEA03B-3A05-4B30-BE8D-C0033F37FF7F}.Debug|Any CPU.Build.0 = Debug|Any CPU
		{41BEA03B-3A05-4B30-BE8D-C0033F37FF7F}.Release|Any CPU.ActiveCfg = Release|Any CPU
		{41BEA03B-3A05-4B30-BE8D-C0033F37FF7F}.Release|Any CPU.Build.0 = Release|Any CPU
	EndGlobalSection
	GlobalSection(SolutionProperties) = preSolution
		HideSolutionNode = FALSE
	EndGlobalSection
	GlobalSection(ExtensibilityGlobals) = postSolution
		SolutionGuid = {2B0E0D03-083B-4AA1-9EB8-D4F9C65C6EA6}
	EndGlobalSection
EndGlobal
